// !$*UTF8*$!
{
	archiveVersion = 1;
	classes = {
	};
	objectVersion = 46;
	objects = {

/* Begin PBXBuildFile section */
		F5292D9D1CA65CAC00980154 /* main.m in Sources */ = {isa = PBXBuildFile; fileRef = F5292D9C1CA65CAC00980154 /* main.m */; };
		F5292DA01CA65CAC00980154 /* AppDelegate.m in Sources */ = {isa = PBXBuildFile; fileRef = F5292D9F1CA65CAC00980154 /* AppDelegate.m */; };
		F5292DA81CA65CAC00980154 /* Assets.xcassets in Resources */ = {isa = PBXBuildFile; fileRef = F5292DA71CA65CAC00980154 /* Assets.xcassets */; };
		F5292DBD1CA65DEE00980154 /* RootViewController.m in Sources */ = {isa = PBXBuildFile; fileRef = F5292DBC1CA65DEE00980154 /* RootViewController.m */; };
		F5292DC01CA65E0000980154 /* RootButton.m in Sources */ = {isa = PBXBuildFile; fileRef = F5292DBF1CA65E0000980154 /* RootButton.m */; };
		F5292DC31CA65E0A00980154 /* RootLabel.m in Sources */ = {isa = PBXBuildFile; fileRef = F5292DC21CA65E0A00980154 /* RootLabel.m */; };
		F5292DC61CA65E1E00980154 /* RootView.m in Sources */ = {isa = PBXBuildFile; fileRef = F5292DC51CA65E1E00980154 /* RootView.m */; };
		F5292DC91CA65E2F00980154 /* RootModel.m in Sources */ = {isa = PBXBuildFile; fileRef = F5292DC81CA65E2F00980154 /* RootModel.m */; };
		F5292DD01CA65FA100980154 /* MainViewController.m in Sources */ = {isa = PBXBuildFile; fileRef = F5292DCF1CA65FA100980154 /* MainViewController.m */; };
/* End PBXBuildFile section */

/* Begin PBXFileReference section */
		F5292D981CA65CAC00980154 /* FolkMusic.app */ = {isa = PBXFileReference; explicitFileType = wrapper.application; includeInIndex = 0; path = FolkMusic.app; sourceTree = BUILT_PRODUCTS_DIR; };
		F5292D9C1CA65CAC00980154 /* main.m */ = {isa = PBXFileReference; lastKnownFileType = sourcecode.c.objc; path = main.m; sourceTree = "<group>"; };
		F5292D9E1CA65CAC00980154 /* AppDelegate.h */ = {isa = PBXFileReference; lastKnownFileType = sourcecode.c.h; path = AppDelegate.h; sourceTree = "<group>"; };
		F5292D9F1CA65CAC00980154 /* AppDelegate.m */ = {isa = PBXFileReference; lastKnownFileType = sourcecode.c.objc; path = AppDelegate.m; sourceTree = "<group>"; };
		F5292DA71CA65CAC00980154 /* Assets.xcassets */ = {isa = PBXFileReference; lastKnownFileType = folder.assetcatalog; path = Assets.xcassets; sourceTree = "<group>"; };
		F5292DAC1CA65CAC00980154 /* Info.plist */ = {isa = PBXFileReference; lastKnownFileType = text.plist.xml; path = Info.plist; sourceTree = "<group>"; };
		F5292DBB1CA65DEE00980154 /* RootViewController.h */ = {isa = PBXFileReference; fileEncoding = 4; lastKnownFileType = sourcecode.c.h; path = RootViewController.h; sourceTree = "<group>"; };
		F5292DBC1CA65DEE00980154 /* RootViewController.m */ = {isa = PBXFileReference; fileEncoding = 4; lastKnownFileType = sourcecode.c.objc; path = RootViewController.m; sourceTree = "<group>"; };
		F5292DBE1CA65E0000980154 /* RootButton.h */ = {isa = PBXFileReference; fileEncoding = 4; lastKnownFileType = sourcecode.c.h; path = RootButton.h; sourceTree = "<group>"; };
		F5292DBF1CA65E0000980154 /* RootButton.m */ = {isa = PBXFileReference; fileEncoding = 4; lastKnownFileType = sourcecode.c.objc; path = RootButton.m; sourceTree = "<group>"; };
		F5292DC11CA65E0A00980154 /* RootLabel.h */ = {isa = PBXFileReference; fileEncoding = 4; lastKnownFileType = sourcecode.c.h; path = RootLabel.h; sourceTree = "<group>"; };
		F5292DC21CA65E0A00980154 /* RootLabel.m */ = {isa = PBXFileReference; fileEncoding = 4; lastKnownFileType = sourcecode.c.objc; path = RootLabel.m; sourceTree = "<group>"; };
		F5292DC41CA65E1E00980154 /* RootView.h */ = {isa = PBXFileReference; fileEncoding = 4; lastKnownFileType = sourcecode.c.h; path = RootView.h; sourceTree = "<group>"; };
		F5292DC51CA65E1E00980154 /* RootView.m */ = {isa = PBXFileReference; fileEncoding = 4; lastKnownFileType = sourcecode.c.objc; path = RootView.m; sourceTree = "<group>"; };
		F5292DC71CA65E2F00980154 /* RootModel.h */ = {isa = PBXFileReference; fileEncoding = 4; lastKnownFileType = sourcecode.c.h; path = RootModel.h; sourceTree = "<group>"; };
		F5292DC81CA65E2F00980154 /* RootModel.m */ = {isa = PBXFileReference; fileEncoding = 4; lastKnownFileType = sourcecode.c.objc; path = RootModel.m; sourceTree = "<group>"; };
		F5292DCE1CA65FA100980154 /* MainViewController.h */ = {isa = PBXFileReference; fileEncoding = 4; lastKnownFileType = sourcecode.c.h; path = MainViewController.h; sourceTree = "<group>"; };
		F5292DCF1CA65FA100980154 /* MainViewController.m */ = {isa = PBXFileReference; fileEncoding = 4; lastKnownFileType = sourcecode.c.objc; path = MainViewController.m; sourceTree = "<group>"; };
/* End PBXFileReference section */

/* Begin PBXFrameworksBuildPhase section */
		F5292D951CA65CAC00980154 /* Frameworks */ = {
			isa = PBXFrameworksBuildPhase;
			buildActionMask = 2147483647;
			files = (
			);
			runOnlyForDeploymentPostprocessing = 0;
		};
/* End PBXFrameworksBuildPhase section */

/* Begin PBXGroup section */
		F5292D8F1CA65CAC00980154 = {
			isa = PBXGroup;
			children = (
				F5292D9A1CA65CAC00980154 /* FolkMusic */,
				F5292D991CA65CAC00980154 /* Products */,
			);
			sourceTree = "<group>";
		};
		F5292D991CA65CAC00980154 /* Products */ = {
			isa = PBXGroup;
			children = (
				F5292D981CA65CAC00980154 /* FolkMusic.app */,
			);
			name = Products;
			sourceTree = "<group>";
		};
		F5292D9A1CA65CAC00980154 /* FolkMusic */ = {
			isa = PBXGroup;
			children = (
				F5292DAC1CA65CAC00980154 /* Info.plist */,
				F5292D9C1CA65CAC00980154 /* main.m */,
				F5292D9E1CA65CAC00980154 /* AppDelegate.h */,
				F5292D9F1CA65CAC00980154 /* AppDelegate.m */,
				F5292DA71CA65CAC00980154 /* Assets.xcassets */,
				F5292DB21CA65DAA00980154 /* Controllers */,
				F5292DBA1CA65DAA00980154 /* Views */,
				F5292DB51CA65DAA00980154 /* Models */,
				F5292DB31CA65DAA00980154 /* Helper */,
				F5292DB41CA65DAA00980154 /* Libs */,
				F5292DB61CA65DAA00980154 /* Network */,
				F5292DB71CA65DAA00980154 /* Resource */,
				F5292DB81CA65DAA00980154 /* ROOT */,
				F5292DB91CA65DAA00980154 /* Storage */,
				F5292DCA1CA65EF900980154 /* Frameworks */,
			);
			path = FolkMusic;
			sourceTree = "<group>";
		};
		F5292DB21CA65DAA00980154 /* Controllers */ = {
			isa = PBXGroup;
			children = (
				F5292DCB1CA65F7B00980154 /* Main */,
				F5292DCC1CA65F7B00980154 /* Sign */,
				F5292DCD1CA65F7B00980154 /* UserManagement */,
			);
			path = Controllers;
			sourceTree = "<group>";
		};
		F5292DB31CA65DAA00980154 /* Helper */ = {
			isa = PBXGroup;
			children = (
			);
			path = Helper;
			sourceTree = "<group>";
		};
		F5292DB41CA65DAA00980154 /* Libs */ = {
			isa = PBXGroup;
			children = (
			);
			path = Libs;
			sourceTree = "<group>";
		};
		F5292DB51CA65DAA00980154 /* Models */ = {
			isa = PBXGroup;
			children = (
			);
			path = Models;
			sourceTree = "<group>";
		};
		F5292DB61CA65DAA00980154 /* Network */ = {
			isa = PBXGroup;
			children = (
			);
			path = Network;
			sourceTree = "<group>";
		};
		F5292DB71CA65DAA00980154 /* Resource */ = {
			isa = PBXGroup;
			children = (
			);
			path = Resource;
			sourceTree = "<group>";
		};
		F5292DB81CA65DAA00980154 /* ROOT */ = {
			isa = PBXGroup;
			children = (
				F5292DBB1CA65DEE00980154 /* RootViewController.h */,
				F5292DBC1CA65DEE00980154 /* RootViewController.m */,
				F5292DBE1CA65E0000980154 /* RootButton.h */,
				F5292DBF1CA65E0000980154 /* RootButton.m */,
				F5292DC11CA65E0A00980154 /* RootLabel.h */,
				F5292DC21CA65E0A00980154 /* RootLabel.m */,
				F5292DC41CA65E1E00980154 /* RootView.h */,
				F5292DC51CA65E1E00980154 /* RootView.m */,
				F5292DC71CA65E2F00980154 /* RootModel.h */,
				F5292DC81CA65E2F00980154 /* RootModel.m */,
			);
			path = ROOT;
			sourceTree = "<group>";
		};
		F5292DB91CA65DAA00980154 /* Storage */ = {
			isa = PBXGroup;
			children = (
			);
			path = Storage;
			sourceTree = "<group>";
		};
		F5292DBA1CA65DAA00980154 /* Views */ = {
			isa = PBXGroup;
			children = (
			);
			path = Views;
			sourceTree = "<group>";
		};
		F5292DCA1CA65EF900980154 /* Frameworks */ = {
			isa = PBXGroup;
			children = (
			);
			path = Frameworks;
			sourceTree = "<group>";
		};
		F5292DCB1CA65F7B00980154 /* Main */ = {
			isa = PBXGroup;
			children = (
				F5292DCE1CA65FA100980154 /* MainViewController.h */,
				F5292DCF1CA65FA100980154 /* MainViewController.m */,
			);
			path = Main;
			sourceTree = "<group>";
		};
		F5292DCC1CA65F7B00980154 /* Sign */ = {
			isa = PBXGroup;
			children = (
			);
			path = Sign;
			sourceTree = "<group>";
		};
		F5292DCD1CA65F7B00980154 /* UserManagement */ = {
			isa = PBXGroup;
			children = (
			);
			path = UserManagement;
			sourceTree = "<group>";
		};
/* End PBXGroup section */

/* Begin PBXNativeTarget section */
		F5292D971CA65CAC00980154 /* FolkMusic */ = {
			isa = PBXNativeTarget;
			buildConfigurationList = F5292DAF1CA65CAC00980154 /* Build configuration list for PBXNativeTarget "FolkMusic" */;
			buildPhases = (
				F5292D941CA65CAC00980154 /* Sources */,
				F5292D951CA65CAC00980154 /* Frameworks */,
				F5292D961CA65CAC00980154 /* Resources */,
			);
			buildRules = (
			);
			dependencies = (
			);
			name = FolkMusic;
			productName = FolkMusic;
			productReference = F5292D981CA65CAC00980154 /* FolkMusic.app */;
			productType = "com.apple.product-type.application";
		};
/* End PBXNativeTarget section */

/* Begin PBXProject section */
		F5292D901CA65CAC00980154 /* Project object */ = {
			isa = PBXProject;
			attributes = {
				LastUpgradeCheck = 0720;
				ORGANIZATIONNAME = quzhenguo;
				TargetAttributes = {
					F5292D971CA65CAC00980154 = {
						CreatedOnToolsVersion = 7.2;
					};
				};
			};
			buildConfigurationList = F5292D931CA65CAC00980154 /* Build configuration list for PBXProject "FolkMusic" */;
			compatibilityVersion = "Xcode 3.2";
			developmentRegion = English;
			hasScannedForEncodings = 0;
			knownRegions = (
				en,
				Base,
			);
			mainGroup = F5292D8F1CA65CAC00980154;
			productRefGroup = F5292D991CA65CAC00980154 /* Products */;
			projectDirPath = "";
			projectRoot = "";
			targets = (
				F5292D971CA65CAC00980154 /* FolkMusic */,
			);
		};
/* End PBXProject section */

/* Begin PBXResourcesBuildPhase section */
		F5292D961CA65CAC00980154 /* Resources */ = {
			isa = PBXResourcesBuildPhase;
			buildActionMask = 2147483647;
			files = (
				F5292DA81CA65CAC00980154 /* Assets.xcassets in Resources */,
			);
			runOnlyForDeploymentPostprocessing = 0;
		};
/* End PBXResourcesBuildPhase section */

/* Begin PBXSourcesBuildPhase section */
		F5292D941CA65CAC00980154 /* Sources */ = {
			isa = PBXSourcesBuildPhase;
			buildActionMask = 2147483647;
			files = (
				F5292DA01CA65CAC00980154 /* AppDelegate.m in Sources */,
				F5292DC31CA65E0A00980154 /* RootLabel.m in Sources */,
				F5292DC91CA65E2F00980154 /* RootModel.m in Sources */,
				F5292DD01CA65FA100980154 /* MainViewController.m in Sources */,
				F5292D9D1CA65CAC00980154 /* main.m in Sources */,
				F5292DBD1CA65DEE00980154 /* RootViewController.m in Sources */,
				F5292DC61CA65E1E00980154 /* RootView.m in Sources */,
				F5292DC01CA65E0000980154 /* RootButton.m in Sources */,
			);
			runOnlyForDeploymentPostprocessing = 0;
		};
/* End PBXSourcesBuildPhase section */

/* Begin XCBuildConfiguration section */
		F5292DAD1CA65CAC00980154 /* Debug */ = {
			isa = XCBuildConfiguration;
			buildSettings = {
				ALWAYS_SEARCH_USER_PATHS = NO;
				CLANG_CXX_LANGUAGE_STANDARD = "gnu++0x";
				CLANG_CXX_LIBRARY = "libc++";
				CLANG_ENABLE_MODULES = YES;
				CLANG_ENABLE_OBJC_ARC = YES;
				CLANG_WARN_BOOL_CONVERSION = YES;
				CLANG_WARN_CONSTANT_CONVERSION = YES;
				CLANG_WARN_DIRECT_OBJC_ISA_USAGE = YES_ERROR;
				CLANG_WARN_EMPTY_BODY = YES;
				CLANG_WARN_ENUM_CONVERSION = YES;
				CLANG_WARN_INT_CONVERSION = YES;
				CLANG_WARN_OBJC_ROOT_CLASS = YES_ERROR;
				CLANG_WARN_UNREACHABLE_CODE = YES;
				CLANG_WARN__DUPLICATE_METHOD_MATCH = YES;
				"CODE_SIGN_IDENTITY[sdk=iphoneos*]" = "iPhone Developer";
				COPY_PHASE_STRIP = NO;
				DEBUG_INFORMATION_FORMAT = dwarf;
				ENABLE_STRICT_OBJC_MSGSEND = YES;
				ENABLE_TESTABILITY = YES;
				GCC_C_LANGUAGE_STANDARD = gnu99;
				GCC_DYNAMIC_NO_PIC = NO;
				GCC_NO_COMMON_BLOCKS = YES;
				GCC_OPTIMIZATION_LEVEL = 0;
				GCC_PREPROCESSOR_DEFINITIONS = (
					"DEBUG=1",
					"$(inherited)",
				);
				GCC_WARN_64_TO_32_BIT_CONVERSION = YES;
				GCC_WARN_ABOUT_RETURN_TYPE = YES_ERROR;
				GCC_WARN_UNDECLARED_SELECTOR = YES;
				GCC_WARN_UNINITIALIZED_AUTOS = YES_AGGRESSIVE;
				GCC_WARN_UNUSED_FUNCTION = YES;
				GCC_WARN_UNUSED_VARIABLE = YES;
				IPHONEOS_DEPLOYMENT_TARGET = 9.2;
				MTL_ENABLE_DEBUG_INFO = YES;
				ONLY_ACTIVE_ARCH = YES;
				SDKROOT = iphoneos;
			};
			name = Debug;
		};
		F5292DAE1CA65CAC00980154 /* Release */ = {
			isa = XCBuildConfiguration;
			buildSettings = {
				ALWAYS_SEARCH_USER_PATHS = NO;
				CLANG_CXX_LANGUAGE_STANDARD = "gnu++0x";
				CLANG_CXX_LIBRARY = "libc++";
				CLANG_ENABLE_MODULES = YES;
				CLANG_ENABLE_OBJC_ARC = YES;
				CLANG_WARN_BOOL_CONVERSION = YES;
				CLANG_WARN_CONSTANT_CONVERSION = YES;
				CLANG_WARN_DIRECT_OBJC_ISA_USAGE = YES_ERROR;
				CLANG_WARN_EMPTY_BODY = YES;
				CLANG_WARN_ENUM_CONVERSION = YES;
				CLANG_WARN_INT_CONVERSION = YES;
				CLANG_WARN_OBJC_ROOT_CLASS = YES_ERROR;
				CLANG_WARN_UNREACHABLE_CODE = YES;
				CLANG_WARN__DUPLICATE_METHOD_MATCH = YES;
				"CODE_SIGN_IDENTITY[sdk=iphoneos*]" = "iPhone Developer";
				COPY_PHASE_STRIP = NO;
				DEBUG_INFORMATION_FORMAT = "dwarf-with-dsym";
				ENABLE_NS_ASSERTIONS = NO;
				ENABLE_STRICT_OBJC_MSGSEND = YES;
				GCC_C_LANGUAGE_STANDARD = gnu99;
				GCC_NO_COMMON_BLOCKS = YES;
				GCC_WARN_64_TO_32_BIT_CONVERSION = YES;
				GCC_WARN_ABOUT_RETURN_TYPE = YES_ERROR;
				GCC_WARN_UNDECLARED_SELECTOR = YES;
				GCC_WARN_UNINITIALIZED_AUTOS = YES_AGGRESSIVE;
				GCC_WARN_UNUSED_FUNCTION = YES;
				GCC_WARN_UNUSED_VARIABLE = YES;
				IPHONEOS_DEPLOYMENT_TARGET = 9.2;
				MTL_ENABLE_DEBUG_INFO = NO;
				SDKROOT = iphoneos;
				VALIDATE_PRODUCT = YES;
			};
			name = Release;
		};
		F5292DB01CA65CAC00980154 /* Debug */ = {
			isa = XCBuildConfiguration;
			buildSettings = {
				ASSETCATALOG_COMPILER_APPICON_NAME = AppIcon;
				ASSETCATALOG_COMPILER_LAUNCHIMAGE_NAME = LaunchImage;
				INFOPLIST_FILE = FolkMusic/Info.plist;
				LD_RUNPATH_SEARCH_PATHS = "$(inherited) @executable_path/Frameworks";
				PRODUCT_BUNDLE_IDENTIFIER = quzg.FolkMusic;
				PRODUCT_NAME = "$(TARGET_NAME)";
			};
			name = Debug;
		};
		F5292DB11CA65CAC00980154 /* Release */ = {
			isa = XCBuildConfiguration;
			buildSettings = {
				ASSETCATALOG_COMPILER_APPICON_NAME = AppIcon;
				ASSETCATALOG_COMPILER_LAUNCHIMAGE_NAME = LaunchImage;
				INFOPLIST_FILE = FolkMusic/Info.plist;
				LD_RUNPATH_SEARCH_PATHS = "$(inherited) @executable_path/Frameworks";
				PRODUCT_BUNDLE_IDENTIFIER = quzg.FolkMusic;
				PRODUCT_NAME = "$(TARGET_NAME)";
			};
			name = Release;
		};
/* End XCBuildConfiguration section */

/* Begin XCConfigurationList section */
		F5292D931CA65CAC00980154 /* Build configuration list for PBXProject "FolkMusic" */ = {
			isa = XCConfigurationList;
			buildConfigurations = (
				F5292DAD1CA65CAC00980154 /* Debug */,
				F5292DAE1CA65CAC00980154 /* Release */,
			);
			defaultConfigurationIsVisible = 0;
			defaultConfigurationName = Release;
		};
		F5292DAF1CA65CAC00980154 /* Build configuration list for PBXNativeTarget "FolkMusic" */ = {
			isa = XCConfigurationList;
			buildConfigurations = (
				F5292DB01CA65CAC00980154 /* Debug */,
				F5292DB11CA65CAC00980154 /* Release */,
			);
			defaultConfigurationIsVisible = 0;
		};
/* End XCConfigurationList section */
	};
	rootObject = F5292D901CA65CAC00980154 /* Project object */;
}
